// !$*UTF8*$!
{
	archiveVersion = 1;
	classes = {
	};
	objectVersion = 48;
	objects = {

/* Begin PBXBuildFile section */
		179A6386A61CC74C4E594210 /* Pods_EazyFitnessTests.framework in Frameworks */ = {isa = PBXBuildFile; fileRef = 21608D02244DD67E8A7BCB5D /* Pods_EazyFitnessTests.framework */; };
		375780039CA37C47D458F855 /* Pods_EazyFitness.framework in Frameworks */ = {isa = PBXBuildFile; fileRef = E2DF9C6DF394FF6D84356AF9 /* Pods_EazyFitness.framework */; };
		980291F209AB19C83C6FC585 /* Pods_EazyFitnessUITests.framework in Frameworks */ = {isa = PBXBuildFile; fileRef = 5B4AA104B60E7AE848C7C8D8 /* Pods_EazyFitnessUITests.framework */; };
		A3077967205B750800512378 /* QRCodeReaderViewControllerBuilder.swift in Sources */ = {isa = PBXBuildFile; fileRef = A307795D205B750700512378 /* QRCodeReaderViewControllerBuilder.swift */; };
		A3077968205B750800512378 /* SwitchCameraButton.swift in Sources */ = {isa = PBXBuildFile; fileRef = A307795E205B750700512378 /* SwitchCameraButton.swift */; };
		A3077969205B750800512378 /* QRCodeReaderViewController.swift in Sources */ = {isa = PBXBuildFile; fileRef = A307795F205B750700512378 /* QRCodeReaderViewController.swift */; };
		A307796A205B750800512378 /* QRCodeReaderViewContainer.swift in Sources */ = {isa = PBXBuildFile; fileRef = A3077960205B750700512378 /* QRCodeReaderViewContainer.swift */; };
		A307796B205B750800512378 /* QRCodeReaderView.swift in Sources */ = {isa = PBXBuildFile; fileRef = A3077961205B750700512378 /* QRCodeReaderView.swift */; };
		A307796C205B750800512378 /* ToggleTorchButton.swift in Sources */ = {isa = PBXBuildFile; fileRef = A3077962205B750700512378 /* ToggleTorchButton.swift */; };
		A307796D205B750800512378 /* QRCodeReaderResult.swift in Sources */ = {isa = PBXBuildFile; fileRef = A3077963205B750700512378 /* QRCodeReaderResult.swift */; };
		A307796E205B750800512378 /* QRCodeReaderViewControllerDelegate.swift in Sources */ = {isa = PBXBuildFile; fileRef = A3077964205B750700512378 /* QRCodeReaderViewControllerDelegate.swift */; };
		A307796F205B750800512378 /* ReaderOverlayView.swift in Sources */ = {isa = PBXBuildFile; fileRef = A3077965205B750700512378 /* ReaderOverlayView.swift */; };
		A3077970205B750800512378 /* QRCodeReader.swift in Sources */ = {isa = PBXBuildFile; fileRef = A3077966205B750800512378 /* QRCodeReader.swift */; };
		A3281BCF205A315B001965F7 /* AppDelegate.swift in Sources */ = {isa = PBXBuildFile; fileRef = A3281BCE205A315B001965F7 /* AppDelegate.swift */; };
		A3281BD1205A315B001965F7 /* ViewController.swift in Sources */ = {isa = PBXBuildFile; fileRef = A3281BD0205A315B001965F7 /* ViewController.swift */; };
		A3281BD4205A315B001965F7 /* Main.storyboard in Resources */ = {isa = PBXBuildFile; fileRef = A3281BD2205A315B001965F7 /* Main.storyboard */; };
		A3281BD6205A315C001965F7 /* Assets.xcassets in Resources */ = {isa = PBXBuildFile; fileRef = A3281BD5205A315C001965F7 /* Assets.xcassets */; };
		A3281BD9205A315C001965F7 /* LaunchScreen.storyboard in Resources */ = {isa = PBXBuildFile; fileRef = A3281BD7205A315C001965F7 /* LaunchScreen.storyboard */; };
		A3281BE4205A315C001965F7 /* EazyFitnessTests.swift in Sources */ = {isa = PBXBuildFile; fileRef = A3281BE3205A315C001965F7 /* EazyFitnessTests.swift */; };
		A3281BEF205A315C001965F7 /* EazyFitnessUITests.swift in Sources */ = {isa = PBXBuildFile; fileRef = A3281BEE205A315C001965F7 /* EazyFitnessUITests.swift */; };
		A3281BFD205A3372001965F7 /* Alphanumeric.swift in Sources */ = {isa = PBXBuildFile; fileRef = A3281BFC205A3372001965F7 /* Alphanumeric.swift */; };
		A32C595E20637CB70024519D /* GoogleService-Info.plist in Resources */ = {isa = PBXBuildFile; fileRef = A32C595D20637CB60024519D /* GoogleService-Info.plist */; };
		A3BD22A6206424CD00E192EB /* TrainerViewController.swift in Sources */ = {isa = PBXBuildFile; fileRef = A3BD22A5206424CD00E192EB /* TrainerViewController.swift */; };
		A3BD22A820642DB100E192EB /* StudentViewController.swift in Sources */ = {isa = PBXBuildFile; fileRef = A3BD22A720642DB100E192EB /* StudentViewController.swift */; };
		A3BD22AA2064414900E192EB /* TrainerNav.swift in Sources */ = {isa = PBXBuildFile; fileRef = A3BD22A92064414900E192EB /* TrainerNav.swift */; };
		A3BD22AD2064644800E192EB /* MyStudentTableVC.swift in Sources */ = {isa = PBXBuildFile; fileRef = A3BD22AC2064644800E192EB /* MyStudentTableVC.swift */; };
		A3BD22AF2064698900E192EB /* AllStudentTableVC.swift in Sources */ = {isa = PBXBuildFile; fileRef = A3BD22AE2064698900E192EB /* AllStudentTableVC.swift */; };
		A3BD22B12064699700E192EB /* TrainerTableVC.swift in Sources */ = {isa = PBXBuildFile; fileRef = A3BD22B02064699700E192EB /* TrainerTableVC.swift */; };
		A3BD22B320648E8200E192EB /* EditableTableVC.swift in Sources */ = {isa = PBXBuildFile; fileRef = A3BD22B220648E8200E192EB /* EditableTableVC.swift */; };
		A3BD22B520648EF700E192EB /* EditableTableCell.swift in Sources */ = {isa = PBXBuildFile; fileRef = A3BD22B420648EF700E192EB /* EditableTableCell.swift */; };
		A3BD22B72064915300E192EB /* ListItem.swift in Sources */ = {isa = PBXBuildFile; fileRef = A3BD22B62064915300E192EB /* ListItem.swift */; };
/* End PBXBuildFile section */

/* Begin PBXContainerItemProxy section */
		A3281BE0205A315C001965F7 /* PBXContainerItemProxy */ = {
			isa = PBXContainerItemProxy;
			containerPortal = A3281BC3205A315B001965F7 /* Project object */;
			proxyType = 1;
			remoteGlobalIDString = A3281BCA205A315B001965F7;
			remoteInfo = EazyFitness;
		};
		A3281BEB205A315C001965F7 /* PBXContainerItemProxy */ = {
			isa = PBXContainerItemProxy;
			containerPortal = A3281BC3205A315B001965F7 /* Project object */;
			proxyType = 1;
			remoteGlobalIDString = A3281BCA205A315B001965F7;
			remoteInfo = EazyFitness;
		};
/* End PBXContainerItemProxy section */

/* Begin PBXFileReference section */
		21608D02244DD67E8A7BCB5D /* Pods_EazyFitnessTests.framework */ = {isa = PBXFileReference; explicitFileType = wrapper.framework; includeInIndex = 0; path = Pods_EazyFitnessTests.framework; sourceTree = BUILT_PRODUCTS_DIR; };
		307E003CBF4A4C843CE1A52C /* Pods-EazyFitness.debug.xcconfig */ = {isa = PBXFileReference; includeInIndex = 1; lastKnownFileType = text.xcconfig; name = "Pods-EazyFitness.debug.xcconfig"; path = "Pods/Target Support Files/Pods-EazyFitness/Pods-EazyFitness.debug.xcconfig"; sourceTree = "<group>"; };
		5B4AA104B60E7AE848C7C8D8 /* Pods_EazyFitnessUITests.framework */ = {isa = PBXFileReference; explicitFileType = wrapper.framework; includeInIndex = 0; path = Pods_EazyFitnessUITests.framework; sourceTree = BUILT_PRODUCTS_DIR; };
		A307795D205B750700512378 /* QRCodeReaderViewControllerBuilder.swift */ = {isa = PBXFileReference; fileEncoding = 4; lastKnownFileType = sourcecode.swift; path = QRCodeReaderViewControllerBuilder.swift; sourceTree = "<group>"; };
		A307795E205B750700512378 /* SwitchCameraButton.swift */ = {isa = PBXFileReference; fileEncoding = 4; lastKnownFileType = sourcecode.swift; path = SwitchCameraButton.swift; sourceTree = "<group>"; };
		A307795F205B750700512378 /* QRCodeReaderViewController.swift */ = {isa = PBXFileReference; fileEncoding = 4; lastKnownFileType = sourcecode.swift; path = QRCodeReaderViewController.swift; sourceTree = "<group>"; };
		A3077960205B750700512378 /* QRCodeReaderViewContainer.swift */ = {isa = PBXFileReference; fileEncoding = 4; lastKnownFileType = sourcecode.swift; path = QRCodeReaderViewContainer.swift; sourceTree = "<group>"; };
		A3077961205B750700512378 /* QRCodeReaderView.swift */ = {isa = PBXFileReference; fileEncoding = 4; lastKnownFileType = sourcecode.swift; path = QRCodeReaderView.swift; sourceTree = "<group>"; };
		A3077962205B750700512378 /* ToggleTorchButton.swift */ = {isa = PBXFileReference; fileEncoding = 4; lastKnownFileType = sourcecode.swift; path = ToggleTorchButton.swift; sourceTree = "<group>"; };
		A3077963205B750700512378 /* QRCodeReaderResult.swift */ = {isa = PBXFileReference; fileEncoding = 4; lastKnownFileType = sourcecode.swift; path = QRCodeReaderResult.swift; sourceTree = "<group>"; };
		A3077964205B750700512378 /* QRCodeReaderViewControllerDelegate.swift */ = {isa = PBXFileReference; fileEncoding = 4; lastKnownFileType = sourcecode.swift; path = QRCodeReaderViewControllerDelegate.swift; sourceTree = "<group>"; };
		A3077965205B750700512378 /* ReaderOverlayView.swift */ = {isa = PBXFileReference; fileEncoding = 4; lastKnownFileType = sourcecode.swift; path = ReaderOverlayView.swift; sourceTree = "<group>"; };
		A3077966205B750800512378 /* QRCodeReader.swift */ = {isa = PBXFileReference; fileEncoding = 4; lastKnownFileType = sourcecode.swift; path = QRCodeReader.swift; sourceTree = "<group>"; };
		A3281BCB205A315B001965F7 /* EazyFitness.app */ = {isa = PBXFileReference; explicitFileType = wrapper.application; includeInIndex = 0; path = EazyFitness.app; sourceTree = BUILT_PRODUCTS_DIR; };
		A3281BCE205A315B001965F7 /* AppDelegate.swift */ = {isa = PBXFileReference; lastKnownFileType = sourcecode.swift; path = AppDelegate.swift; sourceTree = "<group>"; };
		A3281BD0205A315B001965F7 /* ViewController.swift */ = {isa = PBXFileReference; lastKnownFileType = sourcecode.swift; path = ViewController.swift; sourceTree = "<group>"; };
		A3281BD3205A315B001965F7 /* Base */ = {isa = PBXFileReference; lastKnownFileType = file.storyboard; name = Base; path = Base.lproj/Main.storyboard; sourceTree = "<group>"; };
		A3281BD5205A315C001965F7 /* Assets.xcassets */ = {isa = PBXFileReference; lastKnownFileType = folder.assetcatalog; path = Assets.xcassets; sourceTree = "<group>"; };
		A3281BD8205A315C001965F7 /* Base */ = {isa = PBXFileReference; lastKnownFileType = file.storyboard; name = Base; path = Base.lproj/LaunchScreen.storyboard; sourceTree = "<group>"; };
		A3281BDA205A315C001965F7 /* Info.plist */ = {isa = PBXFileReference; lastKnownFileType = text.plist.xml; path = Info.plist; sourceTree = "<group>"; };
		A3281BDF205A315C001965F7 /* EazyFitnessTests.xctest */ = {isa = PBXFileReference; explicitFileType = wrapper.cfbundle; includeInIndex = 0; path = EazyFitnessTests.xctest; sourceTree = BUILT_PRODUCTS_DIR; };
		A3281BE3205A315C001965F7 /* EazyFitnessTests.swift */ = {isa = PBXFileReference; lastKnownFileType = sourcecode.swift; path = EazyFitnessTests.swift; sourceTree = "<group>"; };
		A3281BE5205A315C001965F7 /* Info.plist */ = {isa = PBXFileReference; lastKnownFileType = text.plist.xml; path = Info.plist; sourceTree = "<group>"; };
		A3281BEA205A315C001965F7 /* EazyFitnessUITests.xctest */ = {isa = PBXFileReference; explicitFileType = wrapper.cfbundle; includeInIndex = 0; path = EazyFitnessUITests.xctest; sourceTree = BUILT_PRODUCTS_DIR; };
		A3281BEE205A315C001965F7 /* EazyFitnessUITests.swift */ = {isa = PBXFileReference; lastKnownFileType = sourcecode.swift; path = EazyFitnessUITests.swift; sourceTree = "<group>"; };
		A3281BF0205A315C001965F7 /* Info.plist */ = {isa = PBXFileReference; lastKnownFileType = text.plist.xml; path = Info.plist; sourceTree = "<group>"; };
		A3281BFC205A3372001965F7 /* Alphanumeric.swift */ = {isa = PBXFileReference; lastKnownFileType = sourcecode.swift; path = Alphanumeric.swift; sourceTree = "<group>"; };
		A32C595D20637CB60024519D /* GoogleService-Info.plist */ = {isa = PBXFileReference; fileEncoding = 4; lastKnownFileType = text.plist.xml; path = "GoogleService-Info.plist"; sourceTree = "<group>"; };
		A3BD22A02064184D00E192EB /* EazyFitness.entitlements */ = {isa = PBXFileReference; lastKnownFileType = text.plist.entitlements; path = EazyFitness.entitlements; sourceTree = "<group>"; };
		A3BD22A5206424CD00E192EB /* TrainerViewController.swift */ = {isa = PBXFileReference; lastKnownFileType = sourcecode.swift; path = TrainerViewController.swift; sourceTree = "<group>"; };
		A3BD22A720642DB100E192EB /* StudentViewController.swift */ = {isa = PBXFileReference; lastKnownFileType = sourcecode.swift; path = StudentViewController.swift; sourceTree = "<group>"; };
		A3BD22A92064414900E192EB /* TrainerNav.swift */ = {isa = PBXFileReference; lastKnownFileType = sourcecode.swift; path = TrainerNav.swift; sourceTree = "<group>"; };
		A3BD22AC2064644800E192EB /* MyStudentTableVC.swift */ = {isa = PBXFileReference; lastKnownFileType = sourcecode.swift; path = MyStudentTableVC.swift; sourceTree = "<group>"; };
		A3BD22AE2064698900E192EB /* AllStudentTableVC.swift */ = {isa = PBXFileReference; lastKnownFileType = sourcecode.swift; path = AllStudentTableVC.swift; sourceTree = "<group>"; };
		A3BD22B02064699700E192EB /* TrainerTableVC.swift */ = {isa = PBXFileReference; lastKnownFileType = sourcecode.swift; path = TrainerTableVC.swift; sourceTree = "<group>"; };
		A3BD22B220648E8200E192EB /* EditableTableVC.swift */ = {isa = PBXFileReference; lastKnownFileType = sourcecode.swift; path = EditableTableVC.swift; sourceTree = "<group>"; };
		A3BD22B420648EF700E192EB /* EditableTableCell.swift */ = {isa = PBXFileReference; lastKnownFileType = sourcecode.swift; path = EditableTableCell.swift; sourceTree = "<group>"; };
		A3BD22B62064915300E192EB /* ListItem.swift */ = {isa = PBXFileReference; lastKnownFileType = sourcecode.swift; path = ListItem.swift; sourceTree = "<group>"; };
		A6DBEDA49BDA1391B374CD7A /* Pods-EazyFitnessTests.debug.xcconfig */ = {isa = PBXFileReference; includeInIndex = 1; lastKnownFileType = text.xcconfig; name = "Pods-EazyFitnessTests.debug.xcconfig"; path = "Pods/Target Support Files/Pods-EazyFitnessTests/Pods-EazyFitnessTests.debug.xcconfig"; sourceTree = "<group>"; };
		B1C0FD4826D14F9F2B63618A /* Pods-EazyFitnessUITests.debug.xcconfig */ = {isa = PBXFileReference; includeInIndex = 1; lastKnownFileType = text.xcconfig; name = "Pods-EazyFitnessUITests.debug.xcconfig"; path = "Pods/Target Support Files/Pods-EazyFitnessUITests/Pods-EazyFitnessUITests.debug.xcconfig"; sourceTree = "<group>"; };
		C16923605B316E704F13E983 /* Pods-EazyFitness.release.xcconfig */ = {isa = PBXFileReference; includeInIndex = 1; lastKnownFileType = text.xcconfig; name = "Pods-EazyFitness.release.xcconfig"; path = "Pods/Target Support Files/Pods-EazyFitness/Pods-EazyFitness.release.xcconfig"; sourceTree = "<group>"; };
		E2DF9C6DF394FF6D84356AF9 /* Pods_EazyFitness.framework */ = {isa = PBXFileReference; explicitFileType = wrapper.framework; includeInIndex = 0; path = Pods_EazyFitness.framework; sourceTree = BUILT_PRODUCTS_DIR; };
		EF62F2A410B58CBA8FAEDE57 /* Pods-EazyFitnessTests.release.xcconfig */ = {isa = PBXFileReference; includeInIndex = 1; lastKnownFileType = text.xcconfig; name = "Pods-EazyFitnessTests.release.xcconfig"; path = "Pods/Target Support Files/Pods-EazyFitnessTests/Pods-EazyFitnessTests.release.xcconfig"; sourceTree = "<group>"; };
		F10AE9B4FAF20458C3115F84 /* Pods-EazyFitnessUITests.release.xcconfig */ = {isa = PBXFileReference; includeInIndex = 1; lastKnownFileType = text.xcconfig; name = "Pods-EazyFitnessUITests.release.xcconfig"; path = "Pods/Target Support Files/Pods-EazyFitnessUITests/Pods-EazyFitnessUITests.release.xcconfig"; sourceTree = "<group>"; };
/* End PBXFileReference section */

/* Begin PBXFrameworksBuildPhase section */
		A3281BC8205A315B001965F7 /* Frameworks */ = {
			isa = PBXFrameworksBuildPhase;
			buildActionMask = 2147483647;
			files = (
				375780039CA37C47D458F855 /* Pods_EazyFitness.framework in Frameworks */,
			);
			runOnlyForDeploymentPostprocessing = 0;
		};
		A3281BDC205A315C001965F7 /* Frameworks */ = {
			isa = PBXFrameworksBuildPhase;
			buildActionMask = 2147483647;
			files = (
				179A6386A61CC74C4E594210 /* Pods_EazyFitnessTests.framework in Frameworks */,
			);
			runOnlyForDeploymentPostprocessing = 0;
		};
		A3281BE7205A315C001965F7 /* Frameworks */ = {
			isa = PBXFrameworksBuildPhase;
			buildActionMask = 2147483647;
			files = (
				980291F209AB19C83C6FC585 /* Pods_EazyFitnessUITests.framework in Frameworks */,
			);
			runOnlyForDeploymentPostprocessing = 0;
		};
/* End PBXFrameworksBuildPhase section */

/* Begin PBXGroup section */
		29837EA4EA2D740CDE3954C8 /* Pods */ = {
			isa = PBXGroup;
			children = (
				307E003CBF4A4C843CE1A52C /* Pods-EazyFitness.debug.xcconfig */,
				C16923605B316E704F13E983 /* Pods-EazyFitness.release.xcconfig */,
				A6DBEDA49BDA1391B374CD7A /* Pods-EazyFitnessTests.debug.xcconfig */,
				EF62F2A410B58CBA8FAEDE57 /* Pods-EazyFitnessTests.release.xcconfig */,
				B1C0FD4826D14F9F2B63618A /* Pods-EazyFitnessUITests.debug.xcconfig */,
				F10AE9B4FAF20458C3115F84 /* Pods-EazyFitnessUITests.release.xcconfig */,
			);
			name = Pods;
			sourceTree = "<group>";
		};
		523C106A21712991F064FCBB /* Frameworks */ = {
			isa = PBXGroup;
			children = (
				E2DF9C6DF394FF6D84356AF9 /* Pods_EazyFitness.framework */,
				21608D02244DD67E8A7BCB5D /* Pods_EazyFitnessTests.framework */,
				5B4AA104B60E7AE848C7C8D8 /* Pods_EazyFitnessUITests.framework */,
			);
			name = Frameworks;
			sourceTree = "<group>";
		};
		A307795C205B74E400512378 /* QRCode */ = {
			isa = PBXGroup;
			children = (
				A3077966205B750800512378 /* QRCodeReader.swift */,
				A3077963205B750700512378 /* QRCodeReaderResult.swift */,
				A3077961205B750700512378 /* QRCodeReaderView.swift */,
				A3077960205B750700512378 /* QRCodeReaderViewContainer.swift */,
				A307795F205B750700512378 /* QRCodeReaderViewController.swift */,
				A307795D205B750700512378 /* QRCodeReaderViewControllerBuilder.swift */,
				A3077964205B750700512378 /* QRCodeReaderViewControllerDelegate.swift */,
				A3077965205B750700512378 /* ReaderOverlayView.swift */,
				A307795E205B750700512378 /* SwitchCameraButton.swift */,
				A3077962205B750700512378 /* ToggleTorchButton.swift */,
			);
			path = QRCode;
			sourceTree = "<group>";
		};
		A3281BC2205A315B001965F7 = {
			isa = PBXGroup;
			children = (
				A32C595D20637CB60024519D /* GoogleService-Info.plist */,
				A3281BCD205A315B001965F7 /* EazyFitness */,
				A3281BE2205A315C001965F7 /* EazyFitnessTests */,
				A3281BED205A315C001965F7 /* EazyFitnessUITests */,
				A3281BCC205A315B001965F7 /* Products */,
				29837EA4EA2D740CDE3954C8 /* Pods */,
				523C106A21712991F064FCBB /* Frameworks */,
			);
			sourceTree = "<group>";
		};
		A3281BCC205A315B001965F7 /* Products */ = {
			isa = PBXGroup;
			children = (
				A3281BCB205A315B001965F7 /* EazyFitness.app */,
				A3281BDF205A315C001965F7 /* EazyFitnessTests.xctest */,
				A3281BEA205A315C001965F7 /* EazyFitnessUITests.xctest */,
			);
			name = Products;
			sourceTree = "<group>";
		};
		A3281BCD205A315B001965F7 /* EazyFitness */ = {
			isa = PBXGroup;
			children = (
				A3BD22AB2064642B00E192EB /* Tables */,
				A3BD22A02064184D00E192EB /* EazyFitness.entitlements */,
				A307795C205B74E400512378 /* QRCode */,
				A3281BCE205A315B001965F7 /* AppDelegate.swift */,
				A3281BD0205A315B001965F7 /* ViewController.swift */,
				A3281BFC205A3372001965F7 /* Alphanumeric.swift */,
				A3281BD2205A315B001965F7 /* Main.storyboard */,
				A3281BD5205A315C001965F7 /* Assets.xcassets */,
				A3281BD7205A315C001965F7 /* LaunchScreen.storyboard */,
				A3281BDA205A315C001965F7 /* Info.plist */,
				A3BD22A5206424CD00E192EB /* TrainerViewController.swift */,
				A3BD22A720642DB100E192EB /* StudentViewController.swift */,
				A3BD22A92064414900E192EB /* TrainerNav.swift */,
			);
			path = EazyFitness;
			sourceTree = "<group>";
		};
		A3281BE2205A315C001965F7 /* EazyFitnessTests */ = {
			isa = PBXGroup;
			children = (
				A3281BE3205A315C001965F7 /* EazyFitnessTests.swift */,
				A3281BE5205A315C001965F7 /* Info.plist */,
			);
			path = EazyFitnessTests;
			sourceTree = "<group>";
		};
		A3281BED205A315C001965F7 /* EazyFitnessUITests */ = {
			isa = PBXGroup;
			children = (
				A3281BEE205A315C001965F7 /* EazyFitnessUITests.swift */,
				A3281BF0205A315C001965F7 /* Info.plist */,
			);
			path = EazyFitnessUITests;
			sourceTree = "<group>";
		};
		A3BD22AB2064642B00E192EB /* Tables */ = {
			isa = PBXGroup;
			children = (
				A3BD22AC2064644800E192EB /* MyStudentTableVC.swift */,
				A3BD22AE2064698900E192EB /* AllStudentTableVC.swift */,
				A3BD22B02064699700E192EB /* TrainerTableVC.swift */,
				A3BD22B220648E8200E192EB /* EditableTableVC.swift */,
				A3BD22B420648EF700E192EB /* EditableTableCell.swift */,
				A3BD22B62064915300E192EB /* ListItem.swift */,
			);
			path = Tables;
			sourceTree = "<group>";
		};
/* End PBXGroup section */

/* Begin PBXNativeTarget section */
		A3281BCA205A315B001965F7 /* EazyFitness */ = {
			isa = PBXNativeTarget;
			buildConfigurationList = A3281BF3205A315D001965F7 /* Build configuration list for PBXNativeTarget "EazyFitness" */;
			buildPhases = (
				B7DF2730351F5B112EA0FA48 /* [CP] Check Pods Manifest.lock */,
				A3281BC7205A315B001965F7 /* Sources */,
				A3281BC8205A315B001965F7 /* Frameworks */,
				A3281BC9205A315B001965F7 /* Resources */,
				1D5EBA4F21430E0749A85719 /* [CP] Embed Pods Frameworks */,
				A19CDA37D335DD58C259A052 /* [CP] Copy Pods Resources */,
			);
			buildRules = (
			);
			dependencies = (
			);
			name = EazyFitness;
			productName = EazyFitness;
			productReference = A3281BCB205A315B001965F7 /* EazyFitness.app */;
			productType = "com.apple.product-type.application";
		};
		A3281BDE205A315C001965F7 /* EazyFitnessTests */ = {
			isa = PBXNativeTarget;
			buildConfigurationList = A3281BF6205A315D001965F7 /* Build configuration list for PBXNativeTarget "EazyFitnessTests" */;
			buildPhases = (
				5E3FF55F46E5039A94F99BDE /* [CP] Check Pods Manifest.lock */,
				A3281BDB205A315C001965F7 /* Sources */,
				A3281BDC205A315C001965F7 /* Frameworks */,
				A3281BDD205A315C001965F7 /* Resources */,
				4FD124706E08493D387BBD2C /* [CP] Embed Pods Frameworks */,
				19DA0421C36B69A009412A06 /* [CP] Copy Pods Resources */,
			);
			buildRules = (
			);
			dependencies = (
				A3281BE1205A315C001965F7 /* PBXTargetDependency */,
			);
			name = EazyFitnessTests;
			productName = EazyFitnessTests;
			productReference = A3281BDF205A315C001965F7 /* EazyFitnessTests.xctest */;
			productType = "com.apple.product-type.bundle.unit-test";
		};
		A3281BE9205A315C001965F7 /* EazyFitnessUITests */ = {
			isa = PBXNativeTarget;
			buildConfigurationList = A3281BF9205A315D001965F7 /* Build configuration list for PBXNativeTarget "EazyFitnessUITests" */;
			buildPhases = (
				9BD9524CC6E5BA0890243ADE /* [CP] Check Pods Manifest.lock */,
				A3281BE6205A315C001965F7 /* Sources */,
				A3281BE7205A315C001965F7 /* Frameworks */,
				A3281BE8205A315C001965F7 /* Resources */,
				9149630CC45E322C53D703BB /* [CP] Embed Pods Frameworks */,
				7D923F51A1ECAD929B74FDBA /* [CP] Copy Pods Resources */,
			);
			buildRules = (
			);
			dependencies = (
				A3281BEC205A315C001965F7 /* PBXTargetDependency */,
			);
			name = EazyFitnessUITests;
			productName = EazyFitnessUITests;
			productReference = A3281BEA205A315C001965F7 /* EazyFitnessUITests.xctest */;
			productType = "com.apple.product-type.bundle.ui-testing";
		};
/* End PBXNativeTarget section */

/* Begin PBXProject section */
		A3281BC3205A315B001965F7 /* Project object */ = {
			isa = PBXProject;
			attributes = {
				LastSwiftUpdateCheck = 0930;
				LastUpgradeCheck = 0930;
				ORGANIZATIONNAME = luke;
				TargetAttributes = {
					A3281BCA205A315B001965F7 = {
						CreatedOnToolsVersion = 9.3;
						ProvisioningStyle = Automatic;
						SystemCapabilities = {
							com.apple.Push = {
								enabled = 1;
							};
						};
					};
					A3281BDE205A315C001965F7 = {
						CreatedOnToolsVersion = 9.3;
						ProvisioningStyle = Automatic;
						TestTargetID = A3281BCA205A315B001965F7;
					};
					A3281BE9205A315C001965F7 = {
						CreatedOnToolsVersion = 9.3;
						ProvisioningStyle = Automatic;
						TestTargetID = A3281BCA205A315B001965F7;
					};
				};
			};
			buildConfigurationList = A3281BC6205A315B001965F7 /* Build configuration list for PBXProject "EazyFitness" */;
			compatibilityVersion = "Xcode 8.0";
			developmentRegion = en;
			hasScannedForEncodings = 0;
			knownRegions = (
				en,
				Base,
			);
			mainGroup = A3281BC2205A315B001965F7;
			productRefGroup = A3281BCC205A315B001965F7 /* Products */;
			projectDirPath = "";
			projectRoot = "";
			targets = (
				A3281BCA205A315B001965F7 /* EazyFitness */,
				A3281BDE205A315C001965F7 /* EazyFitnessTests */,
				A3281BE9205A315C001965F7 /* EazyFitnessUITests */,
			);
		};
/* End PBXProject section */

/* Begin PBXResourcesBuildPhase section */
		A3281BC9205A315B001965F7 /* Resources */ = {
			isa = PBXResourcesBuildPhase;
			buildActionMask = 2147483647;
			files = (
				A3281BD9205A315C001965F7 /* LaunchScreen.storyboard in Resources */,
				A32C595E20637CB70024519D /* GoogleService-Info.plist in Resources */,
				A3281BD6205A315C001965F7 /* Assets.xcassets in Resources */,
				A3281BD4205A315B001965F7 /* Main.storyboard in Resources */,
			);
			runOnlyForDeploymentPostprocessing = 0;
		};
		A3281BDD205A315C001965F7 /* Resources */ = {
			isa = PBXResourcesBuildPhase;
			buildActionMask = 2147483647;
			files = (
			);
			runOnlyForDeploymentPostprocessing = 0;
		};
		A3281BE8205A315C001965F7 /* Resources */ = {
			isa = PBXResourcesBuildPhase;
			buildActionMask = 2147483647;
			files = (
			);
			runOnlyForDeploymentPostprocessing = 0;
		};
/* End PBXResourcesBuildPhase section */

/* Begin PBXShellScriptBuildPhase section */
		19DA0421C36B69A009412A06 /* [CP] Copy Pods Resources */ = {
			isa = PBXShellScriptBuildPhase;
			buildActionMask = 2147483647;
			files = (
			);
			inputPaths = (
			);
			name = "[CP] Copy Pods Resources";
			outputPaths = (
			);
			runOnlyForDeploymentPostprocessing = 0;
			shellPath = /bin/sh;
			shellScript = "\"${SRCROOT}/Pods/Target Support Files/Pods-EazyFitnessTests/Pods-EazyFitnessTests-resources.sh\"\n";
			showEnvVarsInLog = 0;
		};
		1D5EBA4F21430E0749A85719 /* [CP] Embed Pods Frameworks */ = {
			isa = PBXShellScriptBuildPhase;
			buildActionMask = 2147483647;
			files = (
			);
			inputPaths = (
				"${SRCROOT}/Pods/Target Support Files/Pods-EazyFitness/Pods-EazyFitness-frameworks.sh",
				"${BUILT_PRODUCTS_DIR}/Bolts/Bolts.framework",
				"${BUILT_PRODUCTS_DIR}/BoringSSL/openssl.framework",
				"${BUILT_PRODUCTS_DIR}/FBSDKCoreKit/FBSDKCoreKit.framework",
				"${BUILT_PRODUCTS_DIR}/FBSDKLoginKit/FBSDKLoginKit.framework",
				"${BUILT_PRODUCTS_DIR}/GTMOAuth2/GTMOAuth2.framework",
				"${BUILT_PRODUCTS_DIR}/GTMSessionFetcher/GTMSessionFetcher.framework",
				"${BUILT_PRODUCTS_DIR}/GoogleToolboxForMac/GoogleToolboxForMac.framework",
				"${BUILT_PRODUCTS_DIR}/Protobuf/Protobuf.framework",
				"${BUILT_PRODUCTS_DIR}/SDWebImage/SDWebImage.framework",
				"${PODS_ROOT}/TwitterCore/iOS/TwitterCore.framework",
				"${PODS_ROOT}/TwitterKit/iOS/TwitterKit.framework",
				"${BUILT_PRODUCTS_DIR}/gRPC/GRPCClient.framework",
				"${BUILT_PRODUCTS_DIR}/gRPC-Core/grpc.framework",
				"${BUILT_PRODUCTS_DIR}/gRPC-ProtoRPC/ProtoRPC.framework",
				"${BUILT_PRODUCTS_DIR}/gRPC-RxLibrary/RxLibrary.framework",
				"${BUILT_PRODUCTS_DIR}/leveldb-library/leveldb.framework",
				"${BUILT_PRODUCTS_DIR}/nanopb/nanopb.framework",
			);
			name = "[CP] Embed Pods Frameworks";
			outputPaths = (
				"${TARGET_BUILD_DIR}/${FRAMEWORKS_FOLDER_PATH}/Bolts.framework",
				"${TARGET_BUILD_DIR}/${FRAMEWORKS_FOLDER_PATH}/openssl.framework",
				"${TARGET_BUILD_DIR}/${FRAMEWORKS_FOLDER_PATH}/FBSDKCoreKit.framework",
				"${TARGET_BUILD_DIR}/${FRAMEWORKS_FOLDER_PATH}/FBSDKLoginKit.framework",
				"${TARGET_BUILD_DIR}/${FRAMEWORKS_FOLDER_PATH}/GTMOAuth2.framework",
				"${TARGET_BUILD_DIR}/${FRAMEWORKS_FOLDER_PATH}/GTMSessionFetcher.framework",
				"${TARGET_BUILD_DIR}/${FRAMEWORKS_FOLDER_PATH}/GoogleToolboxForMac.framework",
				"${TARGET_BUILD_DIR}/${FRAMEWORKS_FOLDER_PATH}/Protobuf.framework",
				"${TARGET_BUILD_DIR}/${FRAMEWORKS_FOLDER_PATH}/SDWebImage.framework",
				"${TARGET_BUILD_DIR}/${FRAMEWORKS_FOLDER_PATH}/TwitterCore.framework",
				"${TARGET_BUILD_DIR}/${FRAMEWORKS_FOLDER_PATH}/TwitterKit.framework",
				"${TARGET_BUILD_DIR}/${FRAMEWORKS_FOLDER_PATH}/GRPCClient.framework",
				"${TARGET_BUILD_DIR}/${FRAMEWORKS_FOLDER_PATH}/grpc.framework",
				"${TARGET_BUILD_DIR}/${FRAMEWORKS_FOLDER_PATH}/ProtoRPC.framework",
				"${TARGET_BUILD_DIR}/${FRAMEWORKS_FOLDER_PATH}/RxLibrary.framework",
				"${TARGET_BUILD_DIR}/${FRAMEWORKS_FOLDER_PATH}/leveldb.framework",
				"${TARGET_BUILD_DIR}/${FRAMEWORKS_FOLDER_PATH}/nanopb.framework",
			);
			runOnlyForDeploymentPostprocessing = 0;
			shellPath = /bin/sh;
			shellScript = "\"${SRCROOT}/Pods/Target Support Files/Pods-EazyFitness/Pods-EazyFitness-frameworks.sh\"\n";
			showEnvVarsInLog = 0;
		};
		4FD124706E08493D387BBD2C /* [CP] Embed Pods Frameworks */ = {
			isa = PBXShellScriptBuildPhase;
			buildActionMask = 2147483647;
			files = (
			);
			inputPaths = (
			);
			name = "[CP] Embed Pods Frameworks";
			outputPaths = (
			);
			runOnlyForDeploymentPostprocessing = 0;
			shellPath = /bin/sh;
			shellScript = "\"${SRCROOT}/Pods/Target Support Files/Pods-EazyFitnessTests/Pods-EazyFitnessTests-frameworks.sh\"\n";
			showEnvVarsInLog = 0;
		};
		5E3FF55F46E5039A94F99BDE /* [CP] Check Pods Manifest.lock */ = {
			isa = PBXShellScriptBuildPhase;
			buildActionMask = 2147483647;
			files = (
			);
			inputPaths = (
				"${PODS_PODFILE_DIR_PATH}/Podfile.lock",
				"${PODS_ROOT}/Manifest.lock",
			);
			name = "[CP] Check Pods Manifest.lock";
			outputPaths = (
				"$(DERIVED_FILE_DIR)/Pods-EazyFitnessTests-checkManifestLockResult.txt",
			);
			runOnlyForDeploymentPostprocessing = 0;
			shellPath = /bin/sh;
			shellScript = "diff \"${PODS_PODFILE_DIR_PATH}/Podfile.lock\" \"${PODS_ROOT}/Manifest.lock\" > /dev/null\nif [ $? != 0 ] ; then\n    # print error to STDERR\n    echo \"error: The sandbox is not in sync with the Podfile.lock. Run 'pod install' or update your CocoaPods installation.\" >&2\n    exit 1\nfi\n# This output is used by Xcode 'outputs' to avoid re-running this script phase.\necho \"SUCCESS\" > \"${SCRIPT_OUTPUT_FILE_0}\"\n";
			showEnvVarsInLog = 0;
		};
		7D923F51A1ECAD929B74FDBA /* [CP] Copy Pods Resources */ = {
			isa = PBXShellScriptBuildPhase;
			buildActionMask = 2147483647;
			files = (
			);
			inputPaths = (
			);
			name = "[CP] Copy Pods Resources";
			outputPaths = (
			);
			runOnlyForDeploymentPostprocessing = 0;
			shellPath = /bin/sh;
			shellScript = "\"${SRCROOT}/Pods/Target Support Files/Pods-EazyFitnessUITests/Pods-EazyFitnessUITests-resources.sh\"\n";
			showEnvVarsInLog = 0;
		};
		9149630CC45E322C53D703BB /* [CP] Embed Pods Frameworks */ = {
			isa = PBXShellScriptBuildPhase;
			buildActionMask = 2147483647;
			files = (
			);
			inputPaths = (
			);
			name = "[CP] Embed Pods Frameworks";
			outputPaths = (
			);
			runOnlyForDeploymentPostprocessing = 0;
			shellPath = /bin/sh;
			shellScript = "\"${SRCROOT}/Pods/Target Support Files/Pods-EazyFitnessUITests/Pods-EazyFitnessUITests-frameworks.sh\"\n";
			showEnvVarsInLog = 0;
		};
		9BD9524CC6E5BA0890243ADE /* [CP] Check Pods Manifest.lock */ = {
			isa = PBXShellScriptBuildPhase;
			buildActionMask = 2147483647;
			files = (
			);
			inputPaths = (
				"${PODS_PODFILE_DIR_PATH}/Podfile.lock",
				"${PODS_ROOT}/Manifest.lock",
			);
			name = "[CP] Check Pods Manifest.lock";
			outputPaths = (
				"$(DERIVED_FILE_DIR)/Pods-EazyFitnessUITests-checkManifestLockResult.txt",
			);
			runOnlyForDeploymentPostprocessing = 0;
			shellPath = /bin/sh;
			shellScript = "diff \"${PODS_PODFILE_DIR_PATH}/Podfile.lock\" \"${PODS_ROOT}/Manifest.lock\" > /dev/null\nif [ $? != 0 ] ; then\n    # print error to STDERR\n    echo \"error: The sandbox is not in sync with the Podfile.lock. Run 'pod install' or update your CocoaPods installation.\" >&2\n    exit 1\nfi\n# This output is used by Xcode 'outputs' to avoid re-running this script phase.\necho \"SUCCESS\" > \"${SCRIPT_OUTPUT_FILE_0}\"\n";
			showEnvVarsInLog = 0;
		};
		A19CDA37D335DD58C259A052 /* [CP] Copy Pods Resources */ = {
			isa = PBXShellScriptBuildPhase;
			buildActionMask = 2147483647;
			files = (
			);
			inputPaths = (
				"${SRCROOT}/Pods/Target Support Files/Pods-EazyFitness/Pods-EazyFitness-resources.sh",
				"${PODS_CONFIGURATION_BUILD_DIR}/FirebaseUI/FirebaseAuthUI.bundle",
				"${PODS_CONFIGURATION_BUILD_DIR}/FirebaseUI/FirebaseFacebookAuthUI.bundle",
				"${PODS_CONFIGURATION_BUILD_DIR}/FirebaseUI/FirebaseGoogleAuthUI.bundle",
				"${PODS_CONFIGURATION_BUILD_DIR}/FirebaseUI/FirebasePhoneAuthUI.bundle",
				"${PODS_CONFIGURATION_BUILD_DIR}/FirebaseUI/FirebaseTwitterAuthUI.bundle",
				"${PODS_ROOT}/GoogleSignIn/Resources/GoogleSignIn.bundle",
				"${PODS_ROOT}/TwitterKit/iOS/TwitterKit.framework/TwitterKitResources.bundle",
				"${PODS_ROOT}/TwitterKit/iOS/TwitterKit.framework/TwitterShareExtensionUIResources.bundle",
			);
			name = "[CP] Copy Pods Resources";
			outputPaths = (
				"${TARGET_BUILD_DIR}/${UNLOCALIZED_RESOURCES_FOLDER_PATH}/FirebaseAuthUI.bundle",
				"${TARGET_BUILD_DIR}/${UNLOCALIZED_RESOURCES_FOLDER_PATH}/FirebaseFacebookAuthUI.bundle",
				"${TARGET_BUILD_DIR}/${UNLOCALIZED_RESOURCES_FOLDER_PATH}/FirebaseGoogleAuthUI.bundle",
				"${TARGET_BUILD_DIR}/${UNLOCALIZED_RESOURCES_FOLDER_PATH}/FirebasePhoneAuthUI.bundle",
				"${TARGET_BUILD_DIR}/${UNLOCALIZED_RESOURCES_FOLDER_PATH}/FirebaseTwitterAuthUI.bundle",
				"${TARGET_BUILD_DIR}/${UNLOCALIZED_RESOURCES_FOLDER_PATH}/GoogleSignIn.bundle",
				"${TARGET_BUILD_DIR}/${UNLOCALIZED_RESOURCES_FOLDER_PATH}/TwitterKitResources.bundle",
				"${TARGET_BUILD_DIR}/${UNLOCALIZED_RESOURCES_FOLDER_PATH}/TwitterShareExtensionUIResources.bundle",
			);
			runOnlyForDeploymentPostprocessing = 0;
			shellPath = /bin/sh;
			shellScript = "\"${SRCROOT}/Pods/Target Support Files/Pods-EazyFitness/Pods-EazyFitness-resources.sh\"\n";
			showEnvVarsInLog = 0;
		};
		B7DF2730351F5B112EA0FA48 /* [CP] Check Pods Manifest.lock */ = {
			isa = PBXShellScriptBuildPhase;
			buildActionMask = 2147483647;
			files = (
			);
			inputPaths = (
				"${PODS_PODFILE_DIR_PATH}/Podfile.lock",
				"${PODS_ROOT}/Manifest.lock",
			);
			name = "[CP] Check Pods Manifest.lock";
			outputPaths = (
				"$(DERIVED_FILE_DIR)/Pods-EazyFitness-checkManifestLockResult.txt",
			);
			runOnlyForDeploymentPostprocessing = 0;
			shellPath = /bin/sh;
			shellScript = "diff \"${PODS_PODFILE_DIR_PATH}/Podfile.lock\" \"${PODS_ROOT}/Manifest.lock\" > /dev/null\nif [ $? != 0 ] ; then\n    # print error to STDERR\n    echo \"error: The sandbox is not in sync with the Podfile.lock. Run 'pod install' or update your CocoaPods installation.\" >&2\n    exit 1\nfi\n# This output is used by Xcode 'outputs' to avoid re-running this script phase.\necho \"SUCCESS\" > \"${SCRIPT_OUTPUT_FILE_0}\"\n";
			showEnvVarsInLog = 0;
		};
/* End PBXShellScriptBuildPhase section */

/* Begin PBXSourcesBuildPhase section */
		A3281BC7205A315B001965F7 /* Sources */ = {
			isa = PBXSourcesBuildPhase;
			buildActionMask = 2147483647;
			files = (
				A3BD22A820642DB100E192EB /* StudentViewController.swift in Sources */,
				A307796C205B750800512378 /* ToggleTorchButton.swift in Sources */,
				A3281BFD205A3372001965F7 /* Alphanumeric.swift in Sources */,
				A3BD22A6206424CD00E192EB /* TrainerViewController.swift in Sources */,
				A3BD22B72064915300E192EB /* ListItem.swift in Sources */,
				A307796B205B750800512378 /* QRCodeReaderView.swift in Sources */,
				A3BD22AF2064698900E192EB /* AllStudentTableVC.swift in Sources */,
				A3BD22AA2064414900E192EB /* TrainerNav.swift in Sources */,
				A3BD22B12064699700E192EB /* TrainerTableVC.swift in Sources */,
				A307796A205B750800512378 /* QRCodeReaderViewContainer.swift in Sources */,
				A3077967205B750800512378 /* QRCodeReaderViewControllerBuilder.swift in Sources */,
				A3281BD1205A315B001965F7 /* ViewController.swift in Sources */,
				A3BD22B520648EF700E192EB /* EditableTableCell.swift in Sources */,
				A3077969205B750800512378 /* QRCodeReaderViewController.swift in Sources */,
				A3BD22AD2064644800E192EB /* MyStudentTableVC.swift in Sources */,
				A307796D205B750800512378 /* QRCodeReaderResult.swift in Sources */,
				A3077968205B750800512378 /* SwitchCameraButton.swift in Sources */,
				A3BD22B320648E8200E192EB /* EditableTableVC.swift in Sources */,
				A3077970205B750800512378 /* QRCodeReader.swift in Sources */,
				A307796F205B750800512378 /* ReaderOverlayView.swift in Sources */,
				A307796E205B750800512378 /* QRCodeReaderViewControllerDelegate.swift in Sources */,
				A3281BCF205A315B001965F7 /* AppDelegate.swift in Sources */,
			);
			runOnlyForDeploymentPostprocessing = 0;
		};
		A3281BDB205A315C001965F7 /* Sources */ = {
			isa = PBXSourcesBuildPhase;
			buildActionMask = 2147483647;
			files = (
				A3281BE4205A315C001965F7 /* EazyFitnessTests.swift in Sources */,
			);
			runOnlyForDeploymentPostprocessing = 0;
		};
		A3281BE6205A315C001965F7 /* Sources */ = {
			isa = PBXSourcesBuildPhase;
			buildActionMask = 2147483647;
			files = (
				A3281BEF205A315C001965F7 /* EazyFitnessUITests.swift in Sources */,
			);
			runOnlyForDeploymentPostprocessing = 0;
		};
/* End PBXSourcesBuildPhase section */

/* Begin PBXTargetDependency section */
		A3281BE1205A315C001965F7 /* PBXTargetDependency */ = {
			isa = PBXTargetDependency;
			target = A3281BCA205A315B001965F7 /* EazyFitness */;
			targetProxy = A3281BE0205A315C001965F7 /* PBXContainerItemProxy */;
		};
		A3281BEC205A315C001965F7 /* PBXTargetDependency */ = {
			isa = PBXTargetDependency;
			target = A3281BCA205A315B001965F7 /* EazyFitness */;
			targetProxy = A3281BEB205A315C001965F7 /* PBXContainerItemProxy */;
		};
/* End PBXTargetDependency section */

/* Begin PBXVariantGroup section */
		A3281BD2205A315B001965F7 /* Main.storyboard */ = {
			isa = PBXVariantGroup;
			children = (
				A3281BD3205A315B001965F7 /* Base */,
			);
			name = Main.storyboard;
			sourceTree = "<group>";
		};
		A3281BD7205A315C001965F7 /* LaunchScreen.storyboard */ = {
			isa = PBXVariantGroup;
			children = (
				A3281BD8205A315C001965F7 /* Base */,
			);
			name = LaunchScreen.storyboard;
			sourceTree = "<group>";
		};
/* End PBXVariantGroup section */

/* Begin XCBuildConfiguration section */
		A3281BF1205A315D001965F7 /* Debug */ = {
			isa = XCBuildConfiguration;
			buildSettings = {
				ALWAYS_SEARCH_USER_PATHS = NO;
				CLANG_ANALYZER_NONNULL = YES;
				CLANG_ANALYZER_NUMBER_OBJECT_CONVERSION = YES_AGGRESSIVE;
				CLANG_CXX_LANGUAGE_STANDARD = "gnu++14";
				CLANG_CXX_LIBRARY = "libc++";
				CLANG_ENABLE_MODULES = YES;
				CLANG_ENABLE_OBJC_ARC = YES;
				CLANG_ENABLE_OBJC_WEAK = YES;
				CLANG_WARN_BLOCK_CAPTURE_AUTORELEASING = YES;
				CLANG_WARN_BOOL_CONVERSION = YES;
				CLANG_WARN_COMMA = YES;
				CLANG_WARN_CONSTANT_CONVERSION = YES;
				CLANG_WARN_DEPRECATED_OBJC_IMPLEMENTATIONS = YES;
				CLANG_WARN_DIRECT_OBJC_ISA_USAGE = YES_ERROR;
				CLANG_WARN_DOCUMENTATION_COMMENTS = YES;
				CLANG_WARN_EMPTY_BODY = YES;
				CLANG_WARN_ENUM_CONVERSION = YES;
				CLANG_WARN_INFINITE_RECURSION = YES;
				CLANG_WARN_INT_CONVERSION = YES;
				CLANG_WARN_NON_LITERAL_NULL_CONVERSION = YES;
				CLANG_WARN_OBJC_IMPLICIT_RETAIN_SELF = YES;
				CLANG_WARN_OBJC_LITERAL_CONVERSION = YES;
				CLANG_WARN_OBJC_ROOT_CLASS = YES_ERROR;
				CLANG_WARN_RANGE_LOOP_ANALYSIS = YES;
				CLANG_WARN_STRICT_PROTOTYPES = YES;
				CLANG_WARN_SUSPICIOUS_MOVE = YES;
				CLANG_WARN_UNGUARDED_AVAILABILITY = YES_AGGRESSIVE;
				CLANG_WARN_UNREACHABLE_CODE = YES;
				CLANG_WARN__DUPLICATE_METHOD_MATCH = YES;
				CODE_SIGN_IDENTITY = "iPhone Developer";
				COPY_PHASE_STRIP = NO;
				DEBUG_INFORMATION_FORMAT = dwarf;
				ENABLE_STRICT_OBJC_MSGSEND = YES;
				ENABLE_TESTABILITY = YES;
				GCC_C_LANGUAGE_STANDARD = gnu11;
				GCC_DYNAMIC_NO_PIC = NO;
				GCC_NO_COMMON_BLOCKS = YES;
				GCC_OPTIMIZATION_LEVEL = 0;
				GCC_PREPROCESSOR_DEFINITIONS = (
					"DEBUG=1",
					"$(inherited)",
				);
				GCC_WARN_64_TO_32_BIT_CONVERSION = YES;
				GCC_WARN_ABOUT_RETURN_TYPE = YES_ERROR;
				GCC_WARN_UNDECLARED_SELECTOR = YES;
				GCC_WARN_UNINITIALIZED_AUTOS = YES_AGGRESSIVE;
				GCC_WARN_UNUSED_FUNCTION = YES;
				GCC_WARN_UNUSED_VARIABLE = YES;
				IPHONEOS_DEPLOYMENT_TARGET = 11.3;
				MTL_ENABLE_DEBUG_INFO = YES;
				ONLY_ACTIVE_ARCH = YES;
				SDKROOT = iphoneos;
				SWIFT_ACTIVE_COMPILATION_CONDITIONS = DEBUG;
				SWIFT_OPTIMIZATION_LEVEL = "-Onone";
			};
			name = Debug;
		};
		A3281BF2205A315D001965F7 /* Release */ = {
			isa = XCBuildConfiguration;
			buildSettings = {
				ALWAYS_SEARCH_USER_PATHS = NO;
				CLANG_ANALYZER_NONNULL = YES;
				CLANG_ANALYZER_NUMBER_OBJECT_CONVERSION = YES_AGGRESSIVE;
				CLANG_CXX_LANGUAGE_STANDARD = "gnu++14";
				CLANG_CXX_LIBRARY = "libc++";
				CLANG_ENABLE_MODULES = YES;
				CLANG_ENABLE_OBJC_ARC = YES;
				CLANG_ENABLE_OBJC_WEAK = YES;
				CLANG_WARN_BLOCK_CAPTURE_AUTORELEASING = YES;
				CLANG_WARN_BOOL_CONVERSION = YES;
				CLANG_WARN_COMMA = YES;
				CLANG_WARN_CONSTANT_CONVERSION = YES;
				CLANG_WARN_DEPRECATED_OBJC_IMPLEMENTATIONS = YES;
				CLANG_WARN_DIRECT_OBJC_ISA_USAGE = YES_ERROR;
				CLANG_WARN_DOCUMENTATION_COMMENTS = YES;
				CLANG_WARN_EMPTY_BODY = YES;
				CLANG_WARN_ENUM_CONVERSION = YES;
				CLANG_WARN_INFINITE_RECURSION = YES;
				CLANG_WARN_INT_CONVERSION = YES;
				CLANG_WARN_NON_LITERAL_NULL_CONVERSION = YES;
				CLANG_WARN_OBJC_IMPLICIT_RETAIN_SELF = YES;
				CLANG_WARN_OBJC_LITERAL_CONVERSION = YES;
				CLANG_WARN_OBJC_ROOT_CLASS = YES_ERROR;
				CLANG_WARN_RANGE_LOOP_ANALYSIS = YES;
				CLANG_WARN_STRICT_PROTOTYPES = YES;
				CLANG_WARN_SUSPICIOUS_MOVE = YES;
				CLANG_WARN_UNGUARDED_AVAILABILITY = YES_AGGRESSIVE;
				CLANG_WARN_UNREACHABLE_CODE = YES;
				CLANG_WARN__DUPLICATE_METHOD_MATCH = YES;
				CODE_SIGN_IDENTITY = "iPhone Developer";
				COPY_PHASE_STRIP = NO;
				DEBUG_INFORMATION_FORMAT = "dwarf-with-dsym";
				ENABLE_NS_ASSERTIONS = NO;
				ENABLE_STRICT_OBJC_MSGSEND = YES;
				GCC_C_LANGUAGE_STANDARD = gnu11;
				GCC_NO_COMMON_BLOCKS = YES;
				GCC_WARN_64_TO_32_BIT_CONVERSION = YES;
				GCC_WARN_ABOUT_RETURN_TYPE = YES_ERROR;
				GCC_WARN_UNDECLARED_SELECTOR = YES;
				GCC_WARN_UNINITIALIZED_AUTOS = YES_AGGRESSIVE;
				GCC_WARN_UNUSED_FUNCTION = YES;
				GCC_WARN_UNUSED_VARIABLE = YES;
				IPHONEOS_DEPLOYMENT_TARGET = 11.3;
				MTL_ENABLE_DEBUG_INFO = NO;
				ONLY_ACTIVE_ARCH = YES;
				SDKROOT = iphoneos;
				SWIFT_OPTIMIZATION_LEVEL = "-Owholemodule";
				VALIDATE_PRODUCT = YES;
			};
			name = Release;
		};
		A3281BF4205A315D001965F7 /* Debug */ = {
			isa = XCBuildConfiguration;
			baseConfigurationReference = 307E003CBF4A4C843CE1A52C /* Pods-EazyFitness.debug.xcconfig */;
			buildSettings = {
				ASSETCATALOG_COMPILER_APPICON_NAME = AppIcon;
				CODE_SIGN_ENTITLEMENTS = EazyFitness/EazyFitness.entitlements;
				CODE_SIGN_STYLE = Automatic;
				DEVELOPMENT_TEAM = RW646P4KDZ;
				INFOPLIST_FILE = EazyFitness/Info.plist;
				IPHONEOS_DEPLOYMENT_TARGET = 11.3;
				LD_RUNPATH_SEARCH_PATHS = "$(inherited) @executable_path/Frameworks";
				PRODUCT_BUNDLE_IDENTIFIER = ios.EazyFitness;
				PRODUCT_NAME = "$(TARGET_NAME)";
				SWIFT_VERSION = 4.0;
				TARGETED_DEVICE_FAMILY = 1;
				VALID_ARCHS = "";
			};
			name = Debug;
		};
		A3281BF5205A315D001965F7 /* Release */ = {
			isa = XCBuildConfiguration;
			baseConfigurationReference = C16923605B316E704F13E983 /* Pods-EazyFitness.release.xcconfig */;
			buildSettings = {
				ASSETCATALOG_COMPILER_APPICON_NAME = AppIcon;
				CODE_SIGN_ENTITLEMENTS = EazyFitness/EazyFitness.entitlements;
				CODE_SIGN_STYLE = Automatic;
				DEVELOPMENT_TEAM = RW646P4KDZ;
				INFOPLIST_FILE = EazyFitness/Info.plist;
				IPHONEOS_DEPLOYMENT_TARGET = 11.3;
				LD_RUNPATH_SEARCH_PATHS = "$(inherited) @executable_path/Frameworks";
				PRODUCT_BUNDLE_IDENTIFIER = ios.EazyFitness;
				PRODUCT_NAME = "$(TARGET_NAME)";
				SWIFT_VERSION = 4.0;
				TARGETED_DEVICE_FAMILY = 1;
				VALID_ARCHS = "";
				"VALID_ARCHS[sdk=*]" = arm64;
			};
			name = Release;
		};
		A3281BF7205A315D001965F7 /* Debug */ = {
			isa = XCBuildConfiguration;
			baseConfigurationReference = A6DBEDA49BDA1391B374CD7A /* Pods-EazyFitnessTests.debug.xcconfig */;
			buildSettings = {
				ALWAYS_EMBED_SWIFT_STANDARD_LIBRARIES = YES;
				BUNDLE_LOADER = "$(TEST_HOST)";
				CODE_SIGN_STYLE = Automatic;
				DEVELOPMENT_TEAM = RW646P4KDZ;
				INFOPLIST_FILE = EazyFitnessTests/Info.plist;
				LD_RUNPATH_SEARCH_PATHS = "$(inherited) @executable_path/Frameworks @loader_path/Frameworks";
				PRODUCT_BUNDLE_IDENTIFIER = ios.EazyFitnessTests;
				PRODUCT_NAME = "$(TARGET_NAME)";
				SWIFT_VERSION = 4.0;
				TARGETED_DEVICE_FAMILY = "1,2";
				TEST_HOST = "$(BUILT_PRODUCTS_DIR)/EazyFitness.app/EazyFitness";
			};
			name = Debug;
		};
		A3281BF8205A315D001965F7 /* Release */ = {
			isa = XCBuildConfiguration;
			baseConfigurationReference = EF62F2A410B58CBA8FAEDE57 /* Pods-EazyFitnessTests.release.xcconfig */;
			buildSettings = {
				ALWAYS_EMBED_SWIFT_STANDARD_LIBRARIES = YES;
				BUNDLE_LOADER = "$(TEST_HOST)";
				CODE_SIGN_STYLE = Automatic;
				DEVELOPMENT_TEAM = RW646P4KDZ;
				INFOPLIST_FILE = EazyFitnessTests/Info.plist;
				LD_RUNPATH_SEARCH_PATHS = "$(inherited) @executable_path/Frameworks @loader_path/Frameworks";
				PRODUCT_BUNDLE_IDENTIFIER = ios.EazyFitnessTests;
				PRODUCT_NAME = "$(TARGET_NAME)";
				SWIFT_VERSION = 4.0;
				TARGETED_DEVICE_FAMILY = "1,2";
				TEST_HOST = "$(BUILT_PRODUCTS_DIR)/EazyFitness.app/EazyFitness";
			};
			name = Release;
		};
		A3281BFA205A315D001965F7 /* Debug */ = {
			isa = XCBuildConfiguration;
			baseConfigurationReference = B1C0FD4826D14F9F2B63618A /* Pods-EazyFitnessUITests.debug.xcconfig */;
			buildSettings = {
				ALWAYS_EMBED_SWIFT_STANDARD_LIBRARIES = YES;
				CODE_SIGN_STYLE = Automatic;
				DEVELOPMENT_TEAM = RW646P4KDZ;
				INFOPLIST_FILE = EazyFitnessUITests/Info.plist;
				LD_RUNPATH_SEARCH_PATHS = "$(inherited) @executable_path/Frameworks @loader_path/Frameworks";
				PRODUCT_BUNDLE_IDENTIFIER = ios.EazyFitnessUITests;
				PRODUCT_NAME = "$(TARGET_NAME)";
				SWIFT_VERSION = 4.0;
				TARGETED_DEVICE_FAMILY = "1,2";
				TEST_TARGET_NAME = EazyFitness;
			};
			name = Debug;
		};
		A3281BFB205A315D001965F7 /* Release */ = {
			isa = XCBuildConfiguration;
			baseConfigurationReference = F10AE9B4FAF20458C3115F84 /* Pods-EazyFitnessUITests.release.xcconfig */;
			buildSettings = {
				ALWAYS_EMBED_SWIFT_STANDARD_LIBRARIES = YES;
				CODE_SIGN_STYLE = Automatic;
				DEVELOPMENT_TEAM = RW646P4KDZ;
				INFOPLIST_FILE = EazyFitnessUITests/Info.plist;
				LD_RUNPATH_SEARCH_PATHS = "$(inherited) @executable_path/Frameworks @loader_path/Frameworks";
				PRODUCT_BUNDLE_IDENTIFIER = ios.EazyFitnessUITests;
				PRODUCT_NAME = "$(TARGET_NAME)";
				SWIFT_VERSION = 4.0;
				TARGETED_DEVICE_FAMILY = "1,2";
				TEST_TARGET_NAME = EazyFitness;
			};
			name = Release;
		};
/* End XCBuildConfiguration section */

/* Begin XCConfigurationList section */
		A3281BC6205A315B001965F7 /* Build configuration list for PBXProject "EazyFitness" */ = {
			isa = XCConfigurationList;
			buildConfigurations = (
				A3281BF1205A315D001965F7 /* Debug */,
				A3281BF2205A315D001965F7 /* Release */,
			);
			defaultConfigurationIsVisible = 0;
			defaultConfigurationName = Release;
		};
		A3281BF3205A315D001965F7 /* Build configuration list for PBXNativeTarget "EazyFitness" */ = {
			isa = XCConfigurationList;
			buildConfigurations = (
				A3281BF4205A315D001965F7 /* Debug */,
				A3281BF5205A315D001965F7 /* Release */,
			);
			defaultConfigurationIsVisible = 0;
			defaultConfigurationName = Release;
		};
		A3281BF6205A315D001965F7 /* Build configuration list for PBXNativeTarget "EazyFitnessTests" */ = {
			isa = XCConfigurationList;
			buildConfigurations = (
				A3281BF7205A315D001965F7 /* Debug */,
				A3281BF8205A315D001965F7 /* Release */,
			);
			defaultConfigurationIsVisible = 0;
			defaultConfigurationName = Release;
		};
		A3281BF9205A315D001965F7 /* Build configuration list for PBXNativeTarget "EazyFitnessUITests" */ = {
			isa = XCConfigurationList;
			buildConfigurations = (
				A3281BFA205A315D001965F7 /* Debug */,
				A3281BFB205A315D001965F7 /* Release */,
			);
			defaultConfigurationIsVisible = 0;
			defaultConfigurationName = Release;
		};
/* End XCConfigurationList section */
	};
	rootObject = A3281BC3205A315B001965F7 /* Project object */;
}
